// !$*UTF8*$!
{
	archiveVersion = 1;
	classes = {
	};
	objectVersion = 56;
	objects = {

/* Begin PBXBuildFile section */
		4690F4382CF23C3D006E705E /* PredatorDetailView.swift in Sources */ = {isa = PBXBuildFile; fileRef = 4690F4372CF23C3D006E705E /* PredatorDetailView.swift */; };
		4690F43A2CF2566E006E705E /* TextView.swift in Sources */ = {isa = PBXBuildFile; fileRef = 4690F4392CF2566E006E705E /* TextView.swift */; };
		46CEE7FF2CE772BB00F1A4AD /* Apex_PredatorsApp.swift in Sources */ = {isa = PBXBuildFile; fileRef = 46CEE7FE2CE772BB00F1A4AD /* Apex_PredatorsApp.swift */; };
		46CEE8012CE772BB00F1A4AD /* ContentView.swift in Sources */ = {isa = PBXBuildFile; fileRef = 46CEE8002CE772BB00F1A4AD /* ContentView.swift */; };
		46CEE8032CE772BD00F1A4AD /* Assets.xcassets in Resources */ = {isa = PBXBuildFile; fileRef = 46CEE8022CE772BD00F1A4AD /* Assets.xcassets */; };
		46CEE8062CE772BD00F1A4AD /* Preview Assets.xcassets in Resources */ = {isa = PBXBuildFile; fileRef = 46CEE8052CE772BD00F1A4AD /* Preview Assets.xcassets */; };
		46CEE8102CE772BD00F1A4AD /* Apex_PredatorsTests.swift in Sources */ = {isa = PBXBuildFile; fileRef = 46CEE80F2CE772BD00F1A4AD /* Apex_PredatorsTests.swift */; };
		46CEE81A2CE772BD00F1A4AD /* Apex_PredatorsUITests.swift in Sources */ = {isa = PBXBuildFile; fileRef = 46CEE8192CE772BD00F1A4AD /* Apex_PredatorsUITests.swift */; };
		46CEE81C2CE772BD00F1A4AD /* Apex_PredatorsUITestsLaunchTests.swift in Sources */ = {isa = PBXBuildFile; fileRef = 46CEE81B2CE772BD00F1A4AD /* Apex_PredatorsUITestsLaunchTests.swift */; };
		46CEE8292CE7732600F1A4AD /* jpapexpredators.json in Resources */ = {isa = PBXBuildFile; fileRef = 46CEE8282CE7732600F1A4AD /* jpapexpredators.json */; };
		46D767642CF3AC0F00D6F348 /* PredatorMapView.swift in Sources */ = {isa = PBXBuildFile; fileRef = 46D767632CF3AC0F00D6F348 /* PredatorMapView.swift */; };
		46DC2EB32CE918D900F0F7A4 /* ApexPredator.swift in Sources */ = {isa = PBXBuildFile; fileRef = 46DC2EB22CE918D900F0F7A4 /* ApexPredator.swift */; };
		46DC2EB52CE91F7100F0F7A4 /* Predators.swift in Sources */ = {isa = PBXBuildFile; fileRef = 46DC2EB42CE91F7100F0F7A4 /* Predators.swift */; };
		46E435432CF4F62B0079D374 /* Stickers.xcassets in Resources */ = {isa = PBXBuildFile; fileRef = 46E435422CF4F62B0079D374 /* Stickers.xcassets */; };
		46E435472CF4F62B0079D374 /* ApexStickers.appex in Embed Foundation Extensions */ = {isa = PBXBuildFile; fileRef = 46E435402CF4F6290079D374 /* ApexStickers.appex */; settings = {ATTRIBUTES = (RemoveHeadersOnCopy, ); }; };
/* End PBXBuildFile section */

/* Begin PBXContainerItemProxy section */
		46CEE80C2CE772BD00F1A4AD /* PBXContainerItemProxy */ = {
			isa = PBXContainerItemProxy;
			containerPortal = 46CEE7F32CE772BB00F1A4AD /* Project object */;
			proxyType = 1;
			remoteGlobalIDString = 46CEE7FA2CE772BB00F1A4AD;
			remoteInfo = "Apex Predators";
		};
		46CEE8162CE772BD00F1A4AD /* PBXContainerItemProxy */ = {
			isa = PBXContainerItemProxy;
			containerPortal = 46CEE7F32CE772BB00F1A4AD /* Project object */;
			proxyType = 1;
			remoteGlobalIDString = 46CEE7FA2CE772BB00F1A4AD;
			remoteInfo = "Apex Predators";
		};
		46E435452CF4F62B0079D374 /* PBXContainerItemProxy */ = {
			isa = PBXContainerItemProxy;
			containerPortal = 46CEE7F32CE772BB00F1A4AD /* Project object */;
			proxyType = 1;
			remoteGlobalIDString = 46E4353F2CF4F6290079D374;
			remoteInfo = ApexStickers;
		};
/* End PBXContainerItemProxy section */

/* Begin PBXCopyFilesBuildPhase section */
		46E435482CF4F62B0079D374 /* Embed Foundation Extensions */ = {
			isa = PBXCopyFilesBuildPhase;
			buildActionMask = 2147483647;
			dstPath = "";
			dstSubfolderSpec = 13;
			files = (
				46E435472CF4F62B0079D374 /* ApexStickers.appex in Embed Foundation Extensions */,
			);
			name = "Embed Foundation Extensions";
			runOnlyForDeploymentPostprocessing = 0;
		};
/* End PBXCopyFilesBuildPhase section */

/* Begin PBXFileReference section */
		4690F4372CF23C3D006E705E /* PredatorDetailView.swift */ = {isa = PBXFileReference; lastKnownFileType = sourcecode.swift; path = PredatorDetailView.swift; sourceTree = "<group>"; };
		4690F4392CF2566E006E705E /* TextView.swift */ = {isa = PBXFileReference; lastKnownFileType = sourcecode.swift; path = TextView.swift; sourceTree = "<group>"; };
		46CEE7FB2CE772BB00F1A4AD /* Apex Predators.app */ = {isa = PBXFileReference; explicitFileType = wrapper.application; includeInIndex = 0; path = "Apex Predators.app"; sourceTree = BUILT_PRODUCTS_DIR; };
		46CEE7FE2CE772BB00F1A4AD /* Apex_PredatorsApp.swift */ = {isa = PBXFileReference; lastKnownFileType = sourcecode.swift; path = Apex_PredatorsApp.swift; sourceTree = "<group>"; };
		46CEE8002CE772BB00F1A4AD /* ContentView.swift */ = {isa = PBXFileReference; lastKnownFileType = sourcecode.swift; path = ContentView.swift; sourceTree = "<group>"; };
		46CEE8022CE772BD00F1A4AD /* Assets.xcassets */ = {isa = PBXFileReference; lastKnownFileType = folder.assetcatalog; path = Assets.xcassets; sourceTree = "<group>"; };
		46CEE8052CE772BD00F1A4AD /* Preview Assets.xcassets */ = {isa = PBXFileReference; lastKnownFileType = folder.assetcatalog; path = "Preview Assets.xcassets"; sourceTree = "<group>"; };
		46CEE80B2CE772BD00F1A4AD /* Apex PredatorsTests.xctest */ = {isa = PBXFileReference; explicitFileType = wrapper.cfbundle; includeInIndex = 0; path = "Apex PredatorsTests.xctest"; sourceTree = BUILT_PRODUCTS_DIR; };
		46CEE80F2CE772BD00F1A4AD /* Apex_PredatorsTests.swift */ = {isa = PBXFileReference; lastKnownFileType = sourcecode.swift; path = Apex_PredatorsTests.swift; sourceTree = "<group>"; };
		46CEE8152CE772BD00F1A4AD /* Apex PredatorsUITests.xctest */ = {isa = PBXFileReference; explicitFileType = wrapper.cfbundle; includeInIndex = 0; path = "Apex PredatorsUITests.xctest"; sourceTree = BUILT_PRODUCTS_DIR; };
		46CEE8192CE772BD00F1A4AD /* Apex_PredatorsUITests.swift */ = {isa = PBXFileReference; lastKnownFileType = sourcecode.swift; path = Apex_PredatorsUITests.swift; sourceTree = "<group>"; };
		46CEE81B2CE772BD00F1A4AD /* Apex_PredatorsUITestsLaunchTests.swift */ = {isa = PBXFileReference; lastKnownFileType = sourcecode.swift; path = Apex_PredatorsUITestsLaunchTests.swift; sourceTree = "<group>"; };
		46CEE8282CE7732600F1A4AD /* jpapexpredators.json */ = {isa = PBXFileReference; fileEncoding = 4; lastKnownFileType = text.json; path = jpapexpredators.json; sourceTree = "<group>"; };
		46D767632CF3AC0F00D6F348 /* PredatorMapView.swift */ = {isa = PBXFileReference; lastKnownFileType = sourcecode.swift; path = PredatorMapView.swift; sourceTree = "<group>"; };
		46DC2EB22CE918D900F0F7A4 /* ApexPredator.swift */ = {isa = PBXFileReference; lastKnownFileType = sourcecode.swift; path = ApexPredator.swift; sourceTree = "<group>"; };
		46DC2EB42CE91F7100F0F7A4 /* Predators.swift */ = {isa = PBXFileReference; lastKnownFileType = sourcecode.swift; path = Predators.swift; sourceTree = "<group>"; };
		46E435402CF4F6290079D374 /* ApexStickers.appex */ = {isa = PBXFileReference; explicitFileType = "wrapper.app-extension"; includeInIndex = 0; path = ApexStickers.appex; sourceTree = BUILT_PRODUCTS_DIR; };
		46E435422CF4F62B0079D374 /* Stickers.xcassets */ = {isa = PBXFileReference; lastKnownFileType = folder.assetcatalog; path = Stickers.xcassets; sourceTree = "<group>"; };
		46E435442CF4F62B0079D374 /* Info.plist */ = {isa = PBXFileReference; lastKnownFileType = text.plist.xml; path = Info.plist; sourceTree = "<group>"; };
/* End PBXFileReference section */

/* Begin PBXFrameworksBuildPhase section */
		46CEE7F82CE772BB00F1A4AD /* Frameworks */ = {
			isa = PBXFrameworksBuildPhase;
			buildActionMask = 2147483647;
			files = (
			);
			runOnlyForDeploymentPostprocessing = 0;
		};
		46CEE8082CE772BD00F1A4AD /* Frameworks */ = {
			isa = PBXFrameworksBuildPhase;
			buildActionMask = 2147483647;
			files = (
			);
			runOnlyForDeploymentPostprocessing = 0;
		};
		46CEE8122CE772BD00F1A4AD /* Frameworks */ = {
			isa = PBXFrameworksBuildPhase;
			buildActionMask = 2147483647;
			files = (
			);
			runOnlyForDeploymentPostprocessing = 0;
		};
/* End PBXFrameworksBuildPhase section */

/* Begin PBXGroup section */
		46CEE7F22CE772BB00F1A4AD = {
			isa = PBXGroup;
			children = (
				46CEE7FD2CE772BB00F1A4AD /* Apex Predators */,
				46CEE80E2CE772BD00F1A4AD /* Apex PredatorsTests */,
				46CEE8182CE772BD00F1A4AD /* Apex PredatorsUITests */,
				46E435412CF4F6290079D374 /* ApexStickers */,
				46CEE7FC2CE772BB00F1A4AD /* Products */,
			);
			sourceTree = "<group>";
		};
		46CEE7FC2CE772BB00F1A4AD /* Products */ = {
			isa = PBXGroup;
			children = (
				46CEE7FB2CE772BB00F1A4AD /* Apex Predators.app */,
				46CEE80B2CE772BD00F1A4AD /* Apex PredatorsTests.xctest */,
				46CEE8152CE772BD00F1A4AD /* Apex PredatorsUITests.xctest */,
				46E435402CF4F6290079D374 /* ApexStickers.appex */,
			);
			name = Products;
			sourceTree = "<group>";
		};
		46CEE7FD2CE772BB00F1A4AD /* Apex Predators */ = {
			isa = PBXGroup;
			children = (
				46CEE7FE2CE772BB00F1A4AD /* Apex_PredatorsApp.swift */,
				46CEE8002CE772BB00F1A4AD /* ContentView.swift */,
				4690F4372CF23C3D006E705E /* PredatorDetailView.swift */,
				46D767632CF3AC0F00D6F348 /* PredatorMapView.swift */,
				4690F4392CF2566E006E705E /* TextView.swift */,
				46DC2EB22CE918D900F0F7A4 /* ApexPredator.swift */,
				46DC2EB42CE91F7100F0F7A4 /* Predators.swift */,
				46CEE8282CE7732600F1A4AD /* jpapexpredators.json */,
				46CEE8022CE772BD00F1A4AD /* Assets.xcassets */,
				46CEE8042CE772BD00F1A4AD /* Preview Content */,
			);
			path = "Apex Predators";
			sourceTree = "<group>";
		};
		46CEE8042CE772BD00F1A4AD /* Preview Content */ = {
			isa = PBXGroup;
			children = (
				46CEE8052CE772BD00F1A4AD /* Preview Assets.xcassets */,
			);
			path = "Preview Content";
			sourceTree = "<group>";
		};
		46CEE80E2CE772BD00F1A4AD /* Apex PredatorsTests */ = {
			isa = PBXGroup;
			children = (
				46CEE80F2CE772BD00F1A4AD /* Apex_PredatorsTests.swift */,
			);
			path = "Apex PredatorsTests";
			sourceTree = "<group>";
		};
		46CEE8182CE772BD00F1A4AD /* Apex PredatorsUITests */ = {
			isa = PBXGroup;
			children = (
				46CEE8192CE772BD00F1A4AD /* Apex_PredatorsUITests.swift */,
				46CEE81B2CE772BD00F1A4AD /* Apex_PredatorsUITestsLaunchTests.swift */,
			);
			path = "Apex PredatorsUITests";
			sourceTree = "<group>";
		};
		46E435412CF4F6290079D374 /* ApexStickers */ = {
			isa = PBXGroup;
			children = (
				46E435422CF4F62B0079D374 /* Stickers.xcassets */,
				46E435442CF4F62B0079D374 /* Info.plist */,
			);
			path = ApexStickers;
			sourceTree = "<group>";
		};
/* End PBXGroup section */

/* Begin PBXNativeTarget section */
		46CEE7FA2CE772BB00F1A4AD /* Apex Predators */ = {
			isa = PBXNativeTarget;
			buildConfigurationList = 46CEE81F2CE772BD00F1A4AD /* Build configuration list for PBXNativeTarget "Apex Predators" */;
			buildPhases = (
				46CEE7F72CE772BB00F1A4AD /* Sources */,
				46CEE7F82CE772BB00F1A4AD /* Frameworks */,
				46CEE7F92CE772BB00F1A4AD /* Resources */,
				46E435482CF4F62B0079D374 /* Embed Foundation Extensions */,
			);
			buildRules = (
			);
			dependencies = (
				46E435462CF4F62B0079D374 /* PBXTargetDependency */,
			);
			name = "Apex Predators";
			productName = "Apex Predators";
			productReference = 46CEE7FB2CE772BB00F1A4AD /* Apex Predators.app */;
			productType = "com.apple.product-type.application";
		};
		46CEE80A2CE772BD00F1A4AD /* Apex PredatorsTests */ = {
			isa = PBXNativeTarget;
			buildConfigurationList = 46CEE8222CE772BD00F1A4AD /* Build configuration list for PBXNativeTarget "Apex PredatorsTests" */;
			buildPhases = (
				46CEE8072CE772BD00F1A4AD /* Sources */,
				46CEE8082CE772BD00F1A4AD /* Frameworks */,
				46CEE8092CE772BD00F1A4AD /* Resources */,
			);
			buildRules = (
			);
			dependencies = (
				46CEE80D2CE772BD00F1A4AD /* PBXTargetDependency */,
			);
			name = "Apex PredatorsTests";
			productName = "Apex PredatorsTests";
			productReference = 46CEE80B2CE772BD00F1A4AD /* Apex PredatorsTests.xctest */;
			productType = "com.apple.product-type.bundle.unit-test";
		};
		46CEE8142CE772BD00F1A4AD /* Apex PredatorsUITests */ = {
			isa = PBXNativeTarget;
			buildConfigurationList = 46CEE8252CE772BD00F1A4AD /* Build configuration list for PBXNativeTarget "Apex PredatorsUITests" */;
			buildPhases = (
				46CEE8112CE772BD00F1A4AD /* Sources */,
				46CEE8122CE772BD00F1A4AD /* Frameworks */,
				46CEE8132CE772BD00F1A4AD /* Resources */,
			);
			buildRules = (
			);
			dependencies = (
				46CEE8172CE772BD00F1A4AD /* PBXTargetDependency */,
			);
			name = "Apex PredatorsUITests";
			productName = "Apex PredatorsUITests";
			productReference = 46CEE8152CE772BD00F1A4AD /* Apex PredatorsUITests.xctest */;
			productType = "com.apple.product-type.bundle.ui-testing";
		};
		46E4353F2CF4F6290079D374 /* ApexStickers */ = {
			isa = PBXNativeTarget;
			buildConfigurationList = 46E4354B2CF4F62B0079D374 /* Build configuration list for PBXNativeTarget "ApexStickers" */;
			buildPhases = (
				46E4353E2CF4F6290079D374 /* Resources */,
			);
			buildRules = (
			);
			dependencies = (
			);
			name = ApexStickers;
			productName = ApexStickers;
			productReference = 46E435402CF4F6290079D374 /* ApexStickers.appex */;
			productType = "com.apple.product-type.app-extension.messages-sticker-pack";
		};
/* End PBXNativeTarget section */

/* Begin PBXProject section */
		46CEE7F32CE772BB00F1A4AD /* Project object */ = {
			isa = PBXProject;
			attributes = {
				BuildIndependentTargetsInParallel = 1;
				LastSwiftUpdateCheck = 1520;
				LastUpgradeCheck = 1520;
				TargetAttributes = {
					46CEE7FA2CE772BB00F1A4AD = {
						CreatedOnToolsVersion = 15.2;
					};
					46CEE80A2CE772BD00F1A4AD = {
						CreatedOnToolsVersion = 15.2;
						TestTargetID = 46CEE7FA2CE772BB00F1A4AD;
					};
					46CEE8142CE772BD00F1A4AD = {
						CreatedOnToolsVersion = 15.2;
						TestTargetID = 46CEE7FA2CE772BB00F1A4AD;
					};
					46E4353F2CF4F6290079D374 = {
						CreatedOnToolsVersion = 15.2;
					};
				};
			};
			buildConfigurationList = 46CEE7F62CE772BB00F1A4AD /* Build configuration list for PBXProject "Apex Predators" */;
			compatibilityVersion = "Xcode 14.0";
			developmentRegion = en;
			hasScannedForEncodings = 0;
			knownRegions = (
				en,
				Base,
			);
			mainGroup = 46CEE7F22CE772BB00F1A4AD;
			productRefGroup = 46CEE7FC2CE772BB00F1A4AD /* Products */;
			projectDirPath = "";
			projectRoot = "";
			targets = (
				46CEE7FA2CE772BB00F1A4AD /* Apex Predators */,
				46CEE80A2CE772BD00F1A4AD /* Apex PredatorsTests */,
				46CEE8142CE772BD00F1A4AD /* Apex PredatorsUITests */,
				46E4353F2CF4F6290079D374 /* ApexStickers */,
			);
		};
/* End PBXProject section */

/* Begin PBXResourcesBuildPhase section */
		46CEE7F92CE772BB00F1A4AD /* Resources */ = {
			isa = PBXResourcesBuildPhase;
			buildActionMask = 2147483647;
			files = (
				46CEE8062CE772BD00F1A4AD /* Preview Assets.xcassets in Resources */,
				46CEE8032CE772BD00F1A4AD /* Assets.xcassets in Resources */,
				46CEE8292CE7732600F1A4AD /* jpapexpredators.json in Resources */,
			);
			runOnlyForDeploymentPostprocessing = 0;
		};
		46CEE8092CE772BD00F1A4AD /* Resources */ = {
			isa = PBXResourcesBuildPhase;
			buildActionMask = 2147483647;
			files = (
			);
			runOnlyForDeploymentPostprocessing = 0;
		};
		46CEE8132CE772BD00F1A4AD /* Resources */ = {
			isa = PBXResourcesBuildPhase;
			buildActionMask = 2147483647;
			files = (
			);
			runOnlyForDeploymentPostprocessing = 0;
		};
		46E4353E2CF4F6290079D374 /* Resources */ = {
			isa = PBXResourcesBuildPhase;
			buildActionMask = 2147483647;
			files = (
				46E435432CF4F62B0079D374 /* Stickers.xcassets in Resources */,
			);
			runOnlyForDeploymentPostprocessing = 0;
		};
/* End PBXResourcesBuildPhase section */

/* Begin PBXSourcesBuildPhase section */
		46CEE7F72CE772BB00F1A4AD /* Sources */ = {
			isa = PBXSourcesBuildPhase;
			buildActionMask = 2147483647;
			files = (
				46D767642CF3AC0F00D6F348 /* PredatorMapView.swift in Sources */,
				46DC2EB32CE918D900F0F7A4 /* ApexPredator.swift in Sources */,
				46CEE8012CE772BB00F1A4AD /* ContentView.swift in Sources */,
				4690F4382CF23C3D006E705E /* PredatorDetailView.swift in Sources */,
				4690F43A2CF2566E006E705E /* TextView.swift in Sources */,
				46DC2EB52CE91F7100F0F7A4 /* Predators.swift in Sources */,
				46CEE7FF2CE772BB00F1A4AD /* Apex_PredatorsApp.swift in Sources */,
			);
			runOnlyForDeploymentPostprocessing = 0;
		};
		46CEE8072CE772BD00F1A4AD /* Sources */ = {
			isa = PBXSourcesBuildPhase;
			buildActionMask = 2147483647;
			files = (
				46CEE8102CE772BD00F1A4AD /* Apex_PredatorsTests.swift in Sources */,
			);
			runOnlyForDeploymentPostprocessing = 0;
		};
		46CEE8112CE772BD00F1A4AD /* Sources */ = {
			isa = PBXSourcesBuildPhase;
			buildActionMask = 2147483647;
			files = (
				46CEE81A2CE772BD00F1A4AD /* Apex_PredatorsUITests.swift in Sources */,
				46CEE81C2CE772BD00F1A4AD /* Apex_PredatorsUITestsLaunchTests.swift in Sources */,
			);
			runOnlyForDeploymentPostprocessing = 0;
		};
/* End PBXSourcesBuildPhase section */

/* Begin PBXTargetDependency section */
		46CEE80D2CE772BD00F1A4AD /* PBXTargetDependency */ = {
			isa = PBXTargetDependency;
			target = 46CEE7FA2CE772BB00F1A4AD /* Apex Predators */;
			targetProxy = 46CEE80C2CE772BD00F1A4AD /* PBXContainerItemProxy */;
		};
		46CEE8172CE772BD00F1A4AD /* PBXTargetDependency */ = {
			isa = PBXTargetDependency;
			target = 46CEE7FA2CE772BB00F1A4AD /* Apex Predators */;
			targetProxy = 46CEE8162CE772BD00F1A4AD /* PBXContainerItemProxy */;
		};
		46E435462CF4F62B0079D374 /* PBXTargetDependency */ = {
			isa = PBXTargetDependency;
			target = 46E4353F2CF4F6290079D374 /* ApexStickers */;
			targetProxy = 46E435452CF4F62B0079D374 /* PBXContainerItemProxy */;
		};
/* End PBXTargetDependency section */

/* Begin XCBuildConfiguration section */
		46CEE81D2CE772BD00F1A4AD /* Debug */ = {
			isa = XCBuildConfiguration;
			buildSettings = {
				ALWAYS_SEARCH_USER_PATHS = NO;
				ASSETCATALOG_COMPILER_GENERATE_SWIFT_ASSET_SYMBOL_EXTENSIONS = YES;
				CLANG_ANALYZER_NONNULL = YES;
				CLANG_ANALYZER_NUMBER_OBJECT_CONVERSION = YES_AGGRESSIVE;
				CLANG_CXX_LANGUAGE_STANDARD = "gnu++20";
				CLANG_ENABLE_MODULES = YES;
				CLANG_ENABLE_OBJC_ARC = YES;
				CLANG_ENABLE_OBJC_WEAK = YES;
				CLANG_WARN_BLOCK_CAPTURE_AUTORELEASING = YES;
				CLANG_WARN_BOOL_CONVERSION = YES;
				CLANG_WARN_COMMA = YES;
				CLANG_WARN_CONSTANT_CONVERSION = YES;
				CLANG_WARN_DEPRECATED_OBJC_IMPLEMENTATIONS = YES;
				CLANG_WARN_DIRECT_OBJC_ISA_USAGE = YES_ERROR;
				CLANG_WARN_DOCUMENTATION_COMMENTS = YES;
				CLANG_WARN_EMPTY_BODY = YES;
				CLANG_WARN_ENUM_CONVERSION = YES;
				CLANG_WARN_INFINITE_RECURSION = YES;
				CLANG_WARN_INT_CONVERSION = YES;
				CLANG_WARN_NON_LITERAL_NULL_CONVERSION = YES;
				CLANG_WARN_OBJC_IMPLICIT_RETAIN_SELF = YES;
				CLANG_WARN_OBJC_LITERAL_CONVERSION = YES;
				CLANG_WARN_OBJC_ROOT_CLASS = YES_ERROR;
				CLANG_WARN_QUOTED_INCLUDE_IN_FRAMEWORK_HEADER = YES;
				CLANG_WARN_RANGE_LOOP_ANALYSIS = YES;
				CLANG_WARN_STRICT_PROTOTYPES = YES;
				CLANG_WARN_SUSPICIOUS_MOVE = YES;
				CLANG_WARN_UNGUARDED_AVAILABILITY = YES_AGGRESSIVE;
				CLANG_WARN_UNREACHABLE_CODE = YES;
				CLANG_WARN__DUPLICATE_METHOD_MATCH = YES;
				COPY_PHASE_STRIP = NO;
				DEBUG_INFORMATION_FORMAT = dwarf;
				ENABLE_STRICT_OBJC_MSGSEND = YES;
				ENABLE_TESTABILITY = YES;
				ENABLE_USER_SCRIPT_SANDBOXING = YES;
				GCC_C_LANGUAGE_STANDARD = gnu17;
				GCC_DYNAMIC_NO_PIC = NO;
				GCC_NO_COMMON_BLOCKS = YES;
				GCC_OPTIMIZATION_LEVEL = 0;
				GCC_PREPROCESSOR_DEFINITIONS = (
					"DEBUG=1",
					"$(inherited)",
				);
				GCC_WARN_64_TO_32_BIT_CONVERSION = YES;
				GCC_WARN_ABOUT_RETURN_TYPE = YES_ERROR;
				GCC_WARN_UNDECLARED_SELECTOR = YES;
				GCC_WARN_UNINITIALIZED_AUTOS = YES_AGGRESSIVE;
				GCC_WARN_UNUSED_FUNCTION = YES;
				GCC_WARN_UNUSED_VARIABLE = YES;
				IPHONEOS_DEPLOYMENT_TARGET = 17.2;
				LOCALIZATION_PREFERS_STRING_CATALOGS = YES;
				MTL_ENABLE_DEBUG_INFO = INCLUDE_SOURCE;
				MTL_FAST_MATH = YES;
				ONLY_ACTIVE_ARCH = YES;
				SDKROOT = iphoneos;
				SWIFT_ACTIVE_COMPILATION_CONDITIONS = "DEBUG $(inherited)";
				SWIFT_OPTIMIZATION_LEVEL = "-Onone";
			};
			name = Debug;
		};
		46CEE81E2CE772BD00F1A4AD /* Release */ = {
			isa = XCBuildConfiguration;
			buildSettings = {
				ALWAYS_SEARCH_USER_PATHS = NO;
				ASSETCATALOG_COMPILER_GENERATE_SWIFT_ASSET_SYMBOL_EXTENSIONS = YES;
				CLANG_ANALYZER_NONNULL = YES;
				CLANG_ANALYZER_NUMBER_OBJECT_CONVERSION = YES_AGGRESSIVE;
				CLANG_CXX_LANGUAGE_STANDARD = "gnu++20";
				CLANG_ENABLE_MODULES = YES;
				CLANG_ENABLE_OBJC_ARC = YES;
				CLANG_ENABLE_OBJC_WEAK = YES;
				CLANG_WARN_BLOCK_CAPTURE_AUTORELEASING = YES;
				CLANG_WARN_BOOL_CONVERSION = YES;
				CLANG_WARN_COMMA = YES;
				CLANG_WARN_CONSTANT_CONVERSION = YES;
				CLANG_WARN_DEPRECATED_OBJC_IMPLEMENTATIONS = YES;
				CLANG_WARN_DIRECT_OBJC_ISA_USAGE = YES_ERROR;
				CLANG_WARN_DOCUMENTATION_COMMENTS = YES;
				CLANG_WARN_EMPTY_BODY = YES;
				CLANG_WARN_ENUM_CONVERSION = YES;
				CLANG_WARN_INFINITE_RECURSION = YES;
				CLANG_WARN_INT_CONVERSION = YES;
				CLANG_WARN_NON_LITERAL_NULL_CONVERSION = YES;
				CLANG_WARN_OBJC_IMPLICIT_RETAIN_SELF = YES;
				CLANG_WARN_OBJC_LITERAL_CONVERSION = YES;
				CLANG_WARN_OBJC_ROOT_CLASS = YES_ERROR;
				CLANG_WARN_QUOTED_INCLUDE_IN_FRAMEWORK_HEADER = YES;
				CLANG_WARN_RANGE_LOOP_ANALYSIS = YES;
				CLANG_WARN_STRICT_PROTOTYPES = YES;
				CLANG_WARN_SUSPICIOUS_MOVE = YES;
				CLANG_WARN_UNGUARDED_AVAILABILITY = YES_AGGRESSIVE;
				CLANG_WARN_UNREACHABLE_CODE = YES;
				CLANG_WARN__DUPLICATE_METHOD_MATCH = YES;
				COPY_PHASE_STRIP = NO;
				DEBUG_INFORMATION_FORMAT = "dwarf-with-dsym";
				ENABLE_NS_ASSERTIONS = NO;
				ENABLE_STRICT_OBJC_MSGSEND = YES;
				ENABLE_USER_SCRIPT_SANDBOXING = YES;
				GCC_C_LANGUAGE_STANDARD = gnu17;
				GCC_NO_COMMON_BLOCKS = YES;
				GCC_WARN_64_TO_32_BIT_CONVERSION = YES;
				GCC_WARN_ABOUT_RETURN_TYPE = YES_ERROR;
				GCC_WARN_UNDECLARED_SELECTOR = YES;
				GCC_WARN_UNINITIALIZED_AUTOS = YES_AGGRESSIVE;
				GCC_WARN_UNUSED_FUNCTION = YES;
				GCC_WARN_UNUSED_VARIABLE = YES;
				IPHONEOS_DEPLOYMENT_TARGET = 17.2;
				LOCALIZATION_PREFERS_STRING_CATALOGS = YES;
				MTL_ENABLE_DEBUG_INFO = NO;
				MTL_FAST_MATH = YES;
				SDKROOT = iphoneos;
				SWIFT_COMPILATION_MODE = wholemodule;
				VALIDATE_PRODUCT = YES;
			};
			name = Release;
		};
		46CEE8202CE772BD00F1A4AD /* Debug */ = {
			isa = XCBuildConfiguration;
			buildSettings = {
				ASSETCATALOG_COMPILER_APPICON_NAME = AppIcon;
				ASSETCATALOG_COMPILER_GLOBAL_ACCENT_COLOR_NAME = AccentColor;
				CODE_SIGN_STYLE = Automatic;
				CURRENT_PROJECT_VERSION = 1;
				DEVELOPMENT_ASSET_PATHS = "\"Apex Predators/Preview Content\"";
				DEVELOPMENT_TEAM = Y2C7RH83C3;
				ENABLE_PREVIEWS = YES;
				GENERATE_INFOPLIST_FILE = YES;
				INFOPLIST_KEY_UIApplicationSceneManifest_Generation = YES;
				INFOPLIST_KEY_UIApplicationSupportsIndirectInputEvents = YES;
				INFOPLIST_KEY_UILaunchScreen_Generation = YES;
				INFOPLIST_KEY_UISupportedInterfaceOrientations_iPad = "UIInterfaceOrientationPortrait UIInterfaceOrientationPortraitUpsideDown UIInterfaceOrientationLandscapeLeft UIInterfaceOrientationLandscapeRight";
				INFOPLIST_KEY_UISupportedInterfaceOrientations_iPhone = "UIInterfaceOrientationPortrait UIInterfaceOrientationLandscapeLeft UIInterfaceOrientationLandscapeRight";
				LD_RUNPATH_SEARCH_PATHS = (
					"$(inherited)",
					"@executable_path/Frameworks",
				);
				MARKETING_VERSION = 1.0;
				PRODUCT_BUNDLE_IDENTIFIER = "com.amw.Apex-Predators";
				PRODUCT_NAME = "$(TARGET_NAME)";
				SWIFT_EMIT_LOC_STRINGS = YES;
				SWIFT_VERSION = 5.0;
				TARGETED_DEVICE_FAMILY = "1,2";
			};
			name = Debug;
		};
		46CEE8212CE772BD00F1A4AD /* Release */ = {
			isa = XCBuildConfiguration;
			buildSettings = {
				ASSETCATALOG_COMPILER_APPICON_NAME = AppIcon;
				ASSETCATALOG_COMPILER_GLOBAL_ACCENT_COLOR_NAME = AccentColor;
				CODE_SIGN_STYLE = Automatic;
				CURRENT_PROJECT_VERSION = 1;
				DEVELOPMENT_ASSET_PATHS = "\"Apex Predators/Preview Content\"";
				DEVELOPMENT_TEAM = Y2C7RH83C3;
				ENABLE_PREVIEWS = YES;
				GENERATE_INFOPLIST_FILE = YES;
				INFOPLIST_KEY_UIApplicationSceneManifest_Generation = YES;
				INFOPLIST_KEY_UIApplicationSupportsIndirectInputEvents = YES;
				INFOPLIST_KEY_UILaunchScreen_Generation = YES;
				INFOPLIST_KEY_UISupportedInterfaceOrientations_iPad = "UIInterfaceOrientationPortrait UIInterfaceOrientationPortraitUpsideDown UIInterfaceOrientationLandscapeLeft UIInterfaceOrientationLandscapeRight";
				INFOPLIST_KEY_UISupportedInterfaceOrientations_iPhone = "UIInterfaceOrientationPortrait UIInterfaceOrientationLandscapeLeft UIInterfaceOrientationLandscapeRight";
				LD_RUNPATH_SEARCH_PATHS = (
					"$(inherited)",
					"@executable_path/Frameworks",
				);
				MARKETING_VERSION = 1.0;
				PRODUCT_BUNDLE_IDENTIFIER = "com.amw.Apex-Predators";
				PRODUCT_NAME = "$(TARGET_NAME)";
				SWIFT_EMIT_LOC_STRINGS = YES;
				SWIFT_VERSION = 5.0;
				TARGETED_DEVICE_FAMILY = "1,2";
			};
			name = Release;
		};
		46CEE8232CE772BD00F1A4AD /* Debug */ = {
			isa = XCBuildConfiguration;
			buildSettings = {
				ALWAYS_EMBED_SWIFT_STANDARD_LIBRARIES = YES;
				BUNDLE_LOADER = "$(TEST_HOST)";
				CODE_SIGN_STYLE = Automatic;
				CURRENT_PROJECT_VERSION = 1;
				DEVELOPMENT_TEAM = Y2C7RH83C3;
				GENERATE_INFOPLIST_FILE = YES;
				IPHONEOS_DEPLOYMENT_TARGET = 17.2;
				MARKETING_VERSION = 1.0;
				PRODUCT_BUNDLE_IDENTIFIER = "com.amw.Apex-PredatorsTests";
				PRODUCT_NAME = "$(TARGET_NAME)";
				SWIFT_EMIT_LOC_STRINGS = NO;
				SWIFT_VERSION = 5.0;
				TARGETED_DEVICE_FAMILY = "1,2";
				TEST_HOST = "$(BUILT_PRODUCTS_DIR)/Apex Predators.app/$(BUNDLE_EXECUTABLE_FOLDER_PATH)/Apex Predators";
			};
			name = Debug;
		};
		46CEE8242CE772BD00F1A4AD /* Release */ = {
			isa = XCBuildConfiguration;
			buildSettings = {
				ALWAYS_EMBED_SWIFT_STANDARD_LIBRARIES = YES;
				BUNDLE_LOADER = "$(TEST_HOST)";
				CODE_SIGN_STYLE = Automatic;
				CURRENT_PROJECT_VERSION = 1;
				DEVELOPMENT_TEAM = Y2C7RH83C3;
				GENERATE_INFOPLIST_FILE = YES;
				IPHONEOS_DEPLOYMENT_TARGET = 17.2;
				MARKETING_VERSION = 1.0;
				PRODUCT_BUNDLE_IDENTIFIER = "com.amw.Apex-PredatorsTests";
				PRODUCT_NAME = "$(TARGET_NAME)";
				SWIFT_EMIT_LOC_STRINGS = NO;
				SWIFT_VERSION = 5.0;
				TARGETED_DEVICE_FAMILY = "1,2";
				TEST_HOST = "$(BUILT_PRODUCTS_DIR)/Apex Predators.app/$(BUNDLE_EXECUTABLE_FOLDER_PATH)/Apex Predators";
			};
			name = Release;
		};
		46CEE8262CE772BD00F1A4AD /* Debug */ = {
			isa = XCBuildConfiguration;
			buildSettings = {
				ALWAYS_EMBED_SWIFT_STANDARD_LIBRARIES = YES;
				CODE_SIGN_STYLE = Automatic;
				CURRENT_PROJECT_VERSION = 1;
				DEVELOPMENT_TEAM = Y2C7RH83C3;
				GENERATE_INFOPLIST_FILE = YES;
				MARKETING_VERSION = 1.0;
				PRODUCT_BUNDLE_IDENTIFIER = "com.amw.Apex-PredatorsUITests";
				PRODUCT_NAME = "$(TARGET_NAME)";
				SWIFT_EMIT_LOC_STRINGS = NO;
				SWIFT_VERSION = 5.0;
				TARGETED_DEVICE_FAMILY = "1,2";
				TEST_TARGET_NAME = "Apex Predators";
			};
			name = Debug;
		};
		46CEE8272CE772BD00F1A4AD /* Release */ = {
			isa = XCBuildConfiguration;
			buildSettings = {
				ALWAYS_EMBED_SWIFT_STANDARD_LIBRARIES = YES;
				CODE_SIGN_STYLE = Automatic;
				CURRENT_PROJECT_VERSION = 1;
				DEVELOPMENT_TEAM = Y2C7RH83C3;
				GENERATE_INFOPLIST_FILE = YES;
				MARKETING_VERSION = 1.0;
				PRODUCT_BUNDLE_IDENTIFIER = "com.amw.Apex-PredatorsUITests";
				PRODUCT_NAME = "$(TARGET_NAME)";
				SWIFT_EMIT_LOC_STRINGS = NO;
				SWIFT_VERSION = 5.0;
				TARGETED_DEVICE_FAMILY = "1,2";
				TEST_TARGET_NAME = "Apex Predators";
			};
			name = Release;
		};
		46E435492CF4F62B0079D374 /* Debug */ = {
			isa = XCBuildConfiguration;
			buildSettings = {
				ASSETCATALOG_COMPILER_APPICON_NAME = "iMessage App Icon";
				CODE_SIGN_STYLE = Automatic;
				CURRENT_PROJECT_VERSION = 1;
				DEVELOPMENT_TEAM = Y2C7RH83C3;
				GENERATE_INFOPLIST_FILE = YES;
				INFOPLIST_FILE = ApexStickers/Info.plist;
				INFOPLIST_KEY_NSStickerSharingLevel = OS;
				MARKETING_VERSION = 1.0;
				PRODUCT_BUNDLE_IDENTIFIER = "com.amw.Apex-Predators.ApexStickers";
				PRODUCT_NAME = "$(TARGET_NAME)";
				SKIP_INSTALL = YES;
				SWIFT_EMIT_LOC_STRINGS = YES;
				TARGETED_DEVICE_FAMILY = "1,2";
			};
			name = Debug;
		};
		46E4354A2CF4F62B0079D374 /* Release */ = {
			isa = XCBuildConfiguration;
			buildSettings = {
				ASSETCATALOG_COMPILER_APPICON_NAME = "iMessage App Icon";
				CODE_SIGN_STYLE = Automatic;
				CURRENT_PROJECT_VERSION = 1;
				DEVELOPMENT_TEAM = Y2C7RH83C3;
				GENERATE_INFOPLIST_FILE = YES;
				INFOPLIST_FILE = ApexStickers/Info.plist;
				INFOPLIST_KEY_NSStickerSharingLevel = OS;
				MARKETING_VERSION = 1.0;
				PRODUCT_BUNDLE_IDENTIFIER = "com.amw.Apex-Predators.ApexStickers";
				PRODUCT_NAME = "$(TARGET_NAME)";
				SKIP_INSTALL = YES;
				SWIFT_EMIT_LOC_STRINGS = YES;
				TARGETED_DEVICE_FAMILY = "1,2";
			};
			name = Release;
		};
/* End XCBuildConfiguration section */

/* Begin XCConfigurationList section */
		46CEE7F62CE772BB00F1A4AD /* Build configuration list for PBXProject "Apex Predators" */ = {
			isa = XCConfigurationList;
			buildConfigurations = (
				46CEE81D2CE772BD00F1A4AD /* Debug */,
				46CEE81E2CE772BD00F1A4AD /* Release */,
			);
			defaultConfigurationIsVisible = 0;
			defaultConfigurationName = Release;
		};
		46CEE81F2CE772BD00F1A4AD /* Build configuration list for PBXNativeTarget "Apex Predators" */ = {
			isa = XCConfigurationList;
			buildConfigurations = (
				46CEE8202CE772BD00F1A4AD /* Debug */,
				46CEE8212CE772BD00F1A4AD /* Release */,
			);
			defaultConfigurationIsVisible = 0;
			defaultConfigurationName = Release;
		};
		46CEE8222CE772BD00F1A4AD /* Build configuration list for PBXNativeTarget "Apex PredatorsTests" */ = {
			isa = XCConfigurationList;
			buildConfigurations = (
				46CEE8232CE772BD00F1A4AD /* Debug */,
				46CEE8242CE772BD00F1A4AD /* Release */,
			);
			defaultConfigurationIsVisible = 0;
			defaultConfigurationName = Release;
		};
		46CEE8252CE772BD00F1A4AD /* Build configuration list for PBXNativeTarget "Apex PredatorsUITests" */ = {
			isa = XCConfigurationList;
			buildConfigurations = (
				46CEE8262CE772BD00F1A4AD /* Debug */,
				46CEE8272CE772BD00F1A4AD /* Release */,
			);
			defaultConfigurationIsVisible = 0;
			defaultConfigurationName = Release;
		};
		46E4354B2CF4F62B0079D374 /* Build configuration list for PBXNativeTarget "ApexStickers" */ = {
			isa = XCConfigurationList;
			buildConfigurations = (
				46E435492CF4F62B0079D374 /* Debug */,
				46E4354A2CF4F62B0079D374 /* Release */,
			);
			defaultConfigurationIsVisible = 0;
			defaultConfigurationName = Release;
		};
/* End XCConfigurationList section */
	};
	rootObject = 46CEE7F32CE772BB00F1A4AD /* Project object */;
}
